
Microsoft Visual Studio Solution File, Format Version 12.00
# Visual Studio Version 17
VisualStudioVersion = 17.13.35818.85
MinimumVisualStudioVersion = 10.0.40219.1
Project("{FAE04EC0-301F-11D3-BF4B-00C04F79EFBC}") = "Server", "CPC#PROJECT\Server.csproj", "{BB7B744F-C3DD-4F9A-88DA-A28F57785A03}"
EndProject
Project("{FAE04EC0-301F-11D3-BF4B-00C04F79EFBC}") = "Dal", "Dal\Dal.csproj", "{24F91DCC-87A6-44C2-82C4-9A126520A229}"
EndProject
Project("{FAE04EC0-301F-11D3-BF4B-00C04F79EFBC}") = "BL", "BL\BL.csproj", "{EA32BAB7-82F1-4629-B572-6659E8A10126}"
EndProject
Global
	GlobalSection(SolutionConfigurationPlatforms) = preSolution
		Debug|Any CPU = Debug|Any CPU
		Release|Any CPU = Release|Any CPU
	EndGlobalSection
	GlobalSection(ProjectConfigurationPlatforms) = postSolution
		{BB7B744F-C3DD-4F9A-88DA-A28F57785A03}.Debug|Any CPU.ActiveCfg = Debug|Any CPU
		{BB7B744F-C3DD-4F9A-88DA-A28F57785A03}.Debug|Any CPU.Build.0 = Debug|Any CPU
		{BB7B744F-C3DD-4F9A-88DA-A28F57785A03}.Release|Any CPU.ActiveCfg = Release|Any CPU
		{BB7B744F-C3DD-4F9A-88DA-A28F57785A03}.Release|Any CPU.Build.0 = Release|Any CPU
		{24F91DCC-87A6-44C2-82C4-9A126520A229}.Debug|Any CPU.ActiveCfg = Debug|Any CPU
		{24F91DCC-87A6-44C2-82C4-9A126520A229}.Debug|Any CPU.Build.0 = Debug|Any CPU
		{24F91DCC-87A6-44C2-82C4-9A126520A229}.Release|Any CPU.ActiveCfg = Release|Any CPU
		{24F91DCC-87A6-44C2-82C4-9A126520A229}.Release|Any CPU.Build.0 = Release|Any CPU
		{EA32BAB7-82F1-4629-B572-6659E8A10126}.Debug|Any CPU.ActiveCfg = Debug|Any CPU
		{EA32BAB7-82F1-4629-B572-6659E8A10126}.Debug|Any CPU.Build.0 = Debug|Any CPU
		{EA32BAB7-82F1-4629-B572-6659E8A10126}.Release|Any CPU.ActiveCfg = Release|Any CPU
		{EA32BAB7-82F1-4629-B572-6659E8A10126}.Release|Any CPU.Build.0 = Release|Any CPU
	EndGlobalSection
	GlobalSection(SolutionProperties) = preSolution
		HideSolutionNode = FALSE
	EndGlobalSection
	GlobalSection(ExtensibilityGlobals) = postSolution
		SolutionGuid = {CAEE9FA0-1FE4-4271-B453-C215409A256E}
	EndGlobalSection
EndGlobal
